// !$*UTF8*$!
{
	archiveVersion = 1;
	classes = {
	};
	objectVersion = 46;
	objects = {

/* Begin PBXBuildFile section */
		1D3623260D0F684500981E51 /* AppDelegate.m in Sources */ = {isa = PBXBuildFile; fileRef = 1D3623250D0F684500981E51 /* AppDelegate.m */; };
		1D60589B0D05DD56006BFB54 /* main.m in Sources */ = {isa = PBXBuildFile; fileRef = 29B97316FDCFA39411CA2CEA /* main.m */; };
		1D60589F0D05DD5A006BFB54 /* Foundation.framework in Frameworks */ = {isa = PBXBuildFile; fileRef = 1D30AB110D05D00D00671497 /* Foundation.framework */; };
		1DF5F4E00D08C38300B7A737 /* UIKit.framework in Frameworks */ = {isa = PBXBuildFile; fileRef = 1DF5F4DF0D08C38300B7A737 /* UIKit.framework */; settings = {ATTRIBUTES = (Weak, ); }; };
		1F766FE113BBADB100FB74C0 /* Localizable.strings in Resources */ = {isa = PBXBuildFile; fileRef = 1F766FDC13BBADB100FB74C0 /* Localizable.strings */; };
		1F766FE213BBADB100FB74C0 /* Localizable.strings in Resources */ = {isa = PBXBuildFile; fileRef = 1F766FDF13BBADB100FB74C0 /* Localizable.strings */; };
		288765FD0DF74451002DB57D /* CoreGraphics.framework in Frameworks */ = {isa = PBXBuildFile; fileRef = 288765FC0DF74451002DB57D /* CoreGraphics.framework */; };
		301BF552109A68D80062928A /* libCordova.a in Frameworks */ = {isa = PBXBuildFile; fileRef = 301BF535109A57CC0062928A /* libCordova.a */; };
		301BF5B5109A6A2B0062928A /* AddressBook.framework in Frameworks */ = {isa = PBXBuildFile; fileRef = 301BF5B4109A6A2B0062928A /* AddressBook.framework */; };
		301BF5B7109A6A2B0062928A /* AddressBookUI.framework in Frameworks */ = {isa = PBXBuildFile; fileRef = 301BF5B6109A6A2B0062928A /* AddressBookUI.framework */; };
		301BF5B9109A6A2B0062928A /* AudioToolbox.framework in Frameworks */ = {isa = PBXBuildFile; fileRef = 301BF5B8109A6A2B0062928A /* AudioToolbox.framework */; };
		301BF5BB109A6A2B0062928A /* AVFoundation.framework in Frameworks */ = {isa = PBXBuildFile; fileRef = 301BF5BA109A6A2B0062928A /* AVFoundation.framework */; settings = {ATTRIBUTES = (Weak, ); }; };
		301BF5BD109A6A2B0062928A /* CFNetwork.framework in Frameworks */ = {isa = PBXBuildFile; fileRef = 301BF5BC109A6A2B0062928A /* CFNetwork.framework */; };
		301BF5BF109A6A2B0062928A /* CoreLocation.framework in Frameworks */ = {isa = PBXBuildFile; fileRef = 301BF5BE109A6A2B0062928A /* CoreLocation.framework */; };
		301BF5C1109A6A2B0062928A /* MediaPlayer.framework in Frameworks */ = {isa = PBXBuildFile; fileRef = 301BF5C0109A6A2B0062928A /* MediaPlayer.framework */; };
		301BF5C3109A6A2B0062928A /* QuartzCore.framework in Frameworks */ = {isa = PBXBuildFile; fileRef = 301BF5C2109A6A2B0062928A /* QuartzCore.framework */; };
		301BF5C5109A6A2B0062928A /* SystemConfiguration.framework in Frameworks */ = {isa = PBXBuildFile; fileRef = 301BF5C4109A6A2B0062928A /* SystemConfiguration.framework */; };
		302D95F114D2391D003F00A1 /* MainViewController.m in Sources */ = {isa = PBXBuildFile; fileRef = 302D95EF14D2391D003F00A1 /* MainViewController.m */; };
		302D95F214D2391D003F00A1 /* MainViewController.xib in Resources */ = {isa = PBXBuildFile; fileRef = 302D95F014D2391D003F00A1 /* MainViewController.xib */; };
		305D5FD1115AB8F900A74A75 /* MobileCoreServices.framework in Frameworks */ = {isa = PBXBuildFile; fileRef = 305D5FD0115AB8F900A74A75 /* MobileCoreServices.framework */; };
		3072F99713A8081B00425683 /* Capture.bundle in Resources */ = {isa = PBXBuildFile; fileRef = 3072F99613A8081B00425683 /* Capture.bundle */; };
		3088BBBD154F3926009F9C59 /* Default-Landscape@2x~ipad.png in Resources */ = {isa = PBXBuildFile; fileRef = 3088BBB7154F3926009F9C59 /* Default-Landscape@2x~ipad.png */; };
		3088BBBE154F3926009F9C59 /* Default-Landscape~ipad.png in Resources */ = {isa = PBXBuildFile; fileRef = 3088BBB8154F3926009F9C59 /* Default-Landscape~ipad.png */; };
		3088BBBF154F3926009F9C59 /* Default-Portrait@2x~ipad.png in Resources */ = {isa = PBXBuildFile; fileRef = 3088BBB9154F3926009F9C59 /* Default-Portrait@2x~ipad.png */; };
		3088BBC0154F3926009F9C59 /* Default-Portrait~ipad.png in Resources */ = {isa = PBXBuildFile; fileRef = 3088BBBA154F3926009F9C59 /* Default-Portrait~ipad.png */; };
		3088BBC1154F3926009F9C59 /* Default@2x~iphone.png in Resources */ = {isa = PBXBuildFile; fileRef = 3088BBBB154F3926009F9C59 /* Default@2x~iphone.png */; };
		3088BBC2154F3926009F9C59 /* Default~iphone.png in Resources */ = {isa = PBXBuildFile; fileRef = 3088BBBC154F3926009F9C59 /* Default~iphone.png */; };
		308D05371370CCF300D202BF /* icon-72.png in Resources */ = {isa = PBXBuildFile; fileRef = 308D052E1370CCF300D202BF /* icon-72.png */; };
		308D05381370CCF300D202BF /* icon.png in Resources */ = {isa = PBXBuildFile; fileRef = 308D052F1370CCF300D202BF /* icon.png */; };
		308D05391370CCF300D202BF /* icon@2x.png in Resources */ = {isa = PBXBuildFile; fileRef = 308D05301370CCF300D202BF /* icon@2x.png */; };
		30A0434814DC770100060A13 /* Localizable.strings in Resources */ = {isa = PBXBuildFile; fileRef = 30A0434314DC770100060A13 /* Localizable.strings */; };
		30A0434914DC770100060A13 /* Localizable.strings in Resources */ = {isa = PBXBuildFile; fileRef = 30A0434614DC770100060A13 /* Localizable.strings */; };
		30E1352710E2C1420031B30D /* Cordova.plist in Resources */ = {isa = PBXBuildFile; fileRef = 30E1352610E2C1420031B30D /* Cordova.plist */; };
		30E5649213A7FCAF007403D8 /* CoreMedia.framework in Frameworks */ = {isa = PBXBuildFile; fileRef = 30E5649113A7FCAF007403D8 /* CoreMedia.framework */; settings = {ATTRIBUTES = (Weak, ); }; };
		66A0AC3E169ED25D00A20070 /* cordova-2.2.0.js in Sources */ = {isa = PBXBuildFile; fileRef = 66A0AC02169ED25D00A20070 /* cordova-2.2.0.js */; };
		66A0AC3F169ED25D00A20070 /* index.css in Resources */ = {isa = PBXBuildFile; fileRef = 66A0AC04169ED25D00A20070 /* index.css */; };
		66A0AC40169ED25D00A20070 /* index.html in Resources */ = {isa = PBXBuildFile; fileRef = 66A0AC05169ED25D00A20070 /* index.html */; };
		66A0AC41169ED25D00A20070 /* jasmine.html in Resources */ = {isa = PBXBuildFile; fileRef = 66A0AC06169ED25D00A20070 /* jasmine.html */; };
		66A0AC42169ED25D00A20070 /* drum.mp3 in Resources */ = {isa = PBXBuildFile; fileRef = 66A0AC08169ED25D00A20070 /* drum.mp3 */; };
		66A0AC43169ED25D00A20070 /* hihat.mp3 in Resources */ = {isa = PBXBuildFile; fileRef = 66A0AC09169ED25D00A20070 /* hihat.mp3 */; };
		66A0AC44169ED25D00A20070 /* index.js in Sources */ = {isa = PBXBuildFile; fileRef = 66A0AC0A169ED25D00A20070 /* index.js */; };
		66A0AC45169ED25D00A20070 /* jquery-1.8.3.min.js in Sources */ = {isa = PBXBuildFile; fileRef = 66A0AC0C169ED25D00A20070 /* jquery-1.8.3.min.js */; };
		66A0AC46169ED25D00A20070 /* LowLatencyAudio.js in Sources */ = {isa = PBXBuildFile; fileRef = 66A0AC0D169ED25D00A20070 /* LowLatencyAudio.js */; };
		66A0AC47169ED25D00A20070 /* smoothie.js in Sources */ = {isa = PBXBuildFile; fileRef = 66A0AC0E169ED25D00A20070 /* smoothie.js */; };
		66A0AC48169ED25D00A20070 /* metronome.mp3 in Resources */ = {isa = PBXBuildFile; fileRef = 66A0AC0F169ED25D00A20070 /* metronome.mp3 */; };
		66A0AC49169ED25D00A20070 /* accelerometer-playback.js in Sources */ = {isa = PBXBuildFile; fileRef = 66A0AC11169ED25D00A20070 /* accelerometer-playback.js */; };
		66A0AC4A169ED25D00A20070 /* accelerometer.js in Sources */ = {isa = PBXBuildFile; fileRef = 66A0AC12169ED25D00A20070 /* accelerometer.js */; };
		66A0AC4B169ED25D00A20070 /* datastream.js in Sources */ = {isa = PBXBuildFile; fileRef = 66A0AC13169ED25D00A20070 /* datastream.js */; };
		66A0AC4C169ED25D00A20070 /* detector.js in Sources */ = {isa = PBXBuildFile; fileRef = 66A0AC14169ED25D00A20070 /* detector.js */; };
		66A0AC4D169ED25D00A20070 /* metronome.js in Sources */ = {isa = PBXBuildFile; fileRef = 66A0AC15169ED25D00A20070 /* metronome.js */; };
		66A0AC4E169ED25D00A20070 /* score-calculator.js in Sources */ = {isa = PBXBuildFile; fileRef = 66A0AC16169ED25D00A20070 /* score-calculator.js */; };
		66A0AC4F169ED25D00A20070 /* sound.js in Sources */ = {isa = PBXBuildFile; fileRef = 66A0AC17169ED25D00A20070 /* sound.js */; };
		66A0AC50169ED25D00A20070 /* ui.js in Sources */ = {isa = PBXBuildFile; fileRef = 66A0AC18169ED25D00A20070 /* ui.js */; };
		66A0AC51169ED25D00A20070 /* rower.js in Sources */ = {isa = PBXBuildFile; fileRef = 66A0AC19169ED25D00A20070 /* rower.js */; };
		66A0AC52169ED25D00A20070 /* icon-57-2x.png in Resources */ = {isa = PBXBuildFile; fileRef = 66A0AC1D169ED25D00A20070 /* icon-57-2x.png */; };
		66A0AC53169ED25D00A20070 /* icon-57.png in Resources */ = {isa = PBXBuildFile; fileRef = 66A0AC1E169ED25D00A20070 /* icon-57.png */; };
		66A0AC54169ED25D00A20070 /* icon-72-2x.png in Resources */ = {isa = PBXBuildFile; fileRef = 66A0AC1F169ED25D00A20070 /* icon-72-2x.png */; };
		66A0AC55169ED25D00A20070 /* icon-72.png in Resources */ = {isa = PBXBuildFile; fileRef = 66A0AC20169ED25D00A20070 /* icon-72.png */; };
		66A0AC56169ED25D00A20070 /* screen-ipad-landscape-2x.png in Resources */ = {isa = PBXBuildFile; fileRef = 66A0AC23169ED25D00A20070 /* screen-ipad-landscape-2x.png */; };
		66A0AC57169ED25D00A20070 /* screen-ipad-landscape.png in Resources */ = {isa = PBXBuildFile; fileRef = 66A0AC24169ED25D00A20070 /* screen-ipad-landscape.png */; };
		66A0AC58169ED25D00A20070 /* screen-ipad-portrait-2x.png in Resources */ = {isa = PBXBuildFile; fileRef = 66A0AC25169ED25D00A20070 /* screen-ipad-portrait-2x.png */; };
		66A0AC59169ED25D00A20070 /* screen-ipad-portrait.png in Resources */ = {isa = PBXBuildFile; fileRef = 66A0AC26169ED25D00A20070 /* screen-ipad-portrait.png */; };
		66A0AC5A169ED25D00A20070 /* screen-iphone-landscape-2x.png in Resources */ = {isa = PBXBuildFile; fileRef = 66A0AC27169ED25D00A20070 /* screen-iphone-landscape-2x.png */; };
		66A0AC5B169ED25D00A20070 /* screen-iphone-landscape.png in Resources */ = {isa = PBXBuildFile; fileRef = 66A0AC28169ED25D00A20070 /* screen-iphone-landscape.png */; };
		66A0AC5C169ED25D00A20070 /* screen-iphone-portrait-2x.png in Resources */ = {isa = PBXBuildFile; fileRef = 66A0AC29169ED25D00A20070 /* screen-iphone-portrait-2x.png */; };
		66A0AC5D169ED25D00A20070 /* screen-iphone-portrait.png in Resources */ = {isa = PBXBuildFile; fileRef = 66A0AC2A169ED25D00A20070 /* screen-iphone-portrait.png */; };
		66A0AC5E169ED25D00A20070 /* accelerometerSpec.js in Sources */ = {isa = PBXBuildFile; fileRef = 66A0AC2C169ED25D00A20070 /* accelerometerSpec.js */; };
		66A0AC5F169ED25D00A20070 /* detectorSpec.js in Sources */ = {isa = PBXBuildFile; fileRef = 66A0AC2D169ED25D00A20070 /* detectorSpec.js */; };
		66A0AC60169ED25D00A20070 /* filterSpec.js in Sources */ = {isa = PBXBuildFile; fileRef = 66A0AC2E169ED25D00A20070 /* filterSpec.js */; };
		66A0AC61169ED25D00A20070 /* helper.js in Sources */ = {isa = PBXBuildFile; fileRef = 66A0AC2F169ED25D00A20070 /* helper.js */; };
		66A0AC62169ED25D00A20070 /* index.js in Sources */ = {isa = PBXBuildFile; fileRef = 66A0AC30169ED25D00A20070 /* index.js */; };
		66A0AC63169ED25D00A20070 /* console-runner.js in Sources */ = {isa = PBXBuildFile; fileRef = 66A0AC32169ED25D00A20070 /* console-runner.js */; };
		66A0AC64169ED25D00A20070 /* jasmine-html.js in Sources */ = {isa = PBXBuildFile; fileRef = 66A0AC34169ED25D00A20070 /* jasmine-html.js */; };
		66A0AC65169ED25D00A20070 /* jasmine.css in Resources */ = {isa = PBXBuildFile; fileRef = 66A0AC35169ED25D00A20070 /* jasmine.css */; };
		66A0AC66169ED25D00A20070 /* jasmine.js in Sources */ = {isa = PBXBuildFile; fileRef = 66A0AC36169ED25D00A20070 /* jasmine.js */; };
		66A0AC67169ED25D00A20070 /* MIT.LICENSE in Resources */ = {isa = PBXBuildFile; fileRef = 66A0AC37169ED25D00A20070 /* MIT.LICENSE */; };
		66A0AC68169ED25D00A20070 /* metronomeSpec.js in Sources */ = {isa = PBXBuildFile; fileRef = 66A0AC38169ED25D00A20070 /* metronomeSpec.js */; };
		66A0AC69169ED25D00A20070 /* mock-data.csv in Resources */ = {isa = PBXBuildFile; fileRef = 66A0AC39169ED25D00A20070 /* mock-data.csv */; };
		66A0AC6A169ED25D00A20070 /* rowerSpec.js in Sources */ = {isa = PBXBuildFile; fileRef = 66A0AC3A169ED25D00A20070 /* rowerSpec.js */; };
		66A0AC6B169ED25D00A20070 /* run-tests.sh in Resources */ = {isa = PBXBuildFile; fileRef = 66A0AC3B169ED25D00A20070 /* run-tests.sh */; };
		66A0AC6C169ED25D00A20070 /* scoreCalculatorSpec.js in Sources */ = {isa = PBXBuildFile; fileRef = 66A0AC3C169ED25D00A20070 /* scoreCalculatorSpec.js */; };
		66A0AC6D169ED25D00A20070 /* soundPlayerSpec.js in Sources */ = {isa = PBXBuildFile; fileRef = 66A0AC3D169ED25D00A20070 /* soundPlayerSpec.js */; };
		66B7656116920CB100AB0B5E /* LowLatencyAudio.m in Sources */ = {isa = PBXBuildFile; fileRef = 66B7656016920CB100AB0B5E /* LowLatencyAudio.m */; };
		66B7656416920D7D00AB0B5E /* LowLatencyAudioAsset.m in Sources */ = {isa = PBXBuildFile; fileRef = 66B7656316920D7D00AB0B5E /* LowLatencyAudioAsset.m */; };
		D4A0D8761607E02300AEF8BB /* Default-568h@2x~iphone.png in Resources */ = {isa = PBXBuildFile; fileRef = D4A0D8751607E02300AEF8BB /* Default-568h@2x~iphone.png */; };
/* End PBXBuildFile section */

/* Begin PBXContainerItemProxy section */
		301BF534109A57CC0062928A /* PBXContainerItemProxy */ = {
			isa = PBXContainerItemProxy;
			containerPortal = 301BF52D109A57CC0062928A /* CordovaLib.xcodeproj */;
			proxyType = 2;
			remoteGlobalIDString = D2AAC07E0554694100DB518D;
			remoteInfo = CordovaLib;
		};
		301BF550109A68C00062928A /* PBXContainerItemProxy */ = {
			isa = PBXContainerItemProxy;
			containerPortal = 301BF52D109A57CC0062928A /* CordovaLib.xcodeproj */;
			proxyType = 1;
			remoteGlobalIDString = D2AAC07D0554694100DB518D;
			remoteInfo = CordovaLib;
		};
/* End PBXContainerItemProxy section */

/* Begin PBXFileReference section */
		1D30AB110D05D00D00671497 /* Foundation.framework */ = {isa = PBXFileReference; lastKnownFileType = wrapper.framework; name = Foundation.framework; path = System/Library/Frameworks/Foundation.framework; sourceTree = SDKROOT; };
		1D3623240D0F684500981E51 /* AppDelegate.h */ = {isa = PBXFileReference; fileEncoding = 4; lastKnownFileType = sourcecode.c.h; path = AppDelegate.h; sourceTree = "<group>"; };
		1D3623250D0F684500981E51 /* AppDelegate.m */ = {isa = PBXFileReference; fileEncoding = 4; lastKnownFileType = sourcecode.c.objc; path = AppDelegate.m; sourceTree = "<group>"; };
		1D6058910D05DD3D006BFB54 /* Rower.app */ = {isa = PBXFileReference; explicitFileType = wrapper.application; includeInIndex = 0; path = Rower.app; sourceTree = BUILT_PRODUCTS_DIR; };
		1DF5F4DF0D08C38300B7A737 /* UIKit.framework */ = {isa = PBXFileReference; lastKnownFileType = wrapper.framework; name = UIKit.framework; path = System/Library/Frameworks/UIKit.framework; sourceTree = SDKROOT; };
		1F766FDD13BBADB100FB74C0 /* en */ = {isa = PBXFileReference; lastKnownFileType = text.plist.strings; name = en; path = Localizable.strings; sourceTree = "<group>"; };
		1F766FE013BBADB100FB74C0 /* es */ = {isa = PBXFileReference; lastKnownFileType = text.plist.strings; name = es; path = Localizable.strings; sourceTree = "<group>"; };
		288765FC0DF74451002DB57D /* CoreGraphics.framework */ = {isa = PBXFileReference; lastKnownFileType = wrapper.framework; name = CoreGraphics.framework; path = System/Library/Frameworks/CoreGraphics.framework; sourceTree = SDKROOT; };
		29B97316FDCFA39411CA2CEA /* main.m */ = {isa = PBXFileReference; fileEncoding = 4; lastKnownFileType = sourcecode.c.objc; path = main.m; sourceTree = "<group>"; };
		301BF52D109A57CC0062928A /* CordovaLib.xcodeproj */ = {isa = PBXFileReference; lastKnownFileType = "wrapper.pb-project"; name = CordovaLib.xcodeproj; path = CordovaLib/CordovaLib.xcodeproj; sourceTree = "<group>"; };
		301BF5B4109A6A2B0062928A /* AddressBook.framework */ = {isa = PBXFileReference; lastKnownFileType = wrapper.framework; name = AddressBook.framework; path = System/Library/Frameworks/AddressBook.framework; sourceTree = SDKROOT; };
		301BF5B6109A6A2B0062928A /* AddressBookUI.framework */ = {isa = PBXFileReference; lastKnownFileType = wrapper.framework; name = AddressBookUI.framework; path = System/Library/Frameworks/AddressBookUI.framework; sourceTree = SDKROOT; };
		301BF5B8109A6A2B0062928A /* AudioToolbox.framework */ = {isa = PBXFileReference; lastKnownFileType = wrapper.framework; name = AudioToolbox.framework; path = System/Library/Frameworks/AudioToolbox.framework; sourceTree = SDKROOT; };
		301BF5BA109A6A2B0062928A /* AVFoundation.framework */ = {isa = PBXFileReference; lastKnownFileType = wrapper.framework; name = AVFoundation.framework; path = System/Library/Frameworks/AVFoundation.framework; sourceTree = SDKROOT; };
		301BF5BC109A6A2B0062928A /* CFNetwork.framework */ = {isa = PBXFileReference; lastKnownFileType = wrapper.framework; name = CFNetwork.framework; path = System/Library/Frameworks/CFNetwork.framework; sourceTree = SDKROOT; };
		301BF5BE109A6A2B0062928A /* CoreLocation.framework */ = {isa = PBXFileReference; lastKnownFileType = wrapper.framework; name = CoreLocation.framework; path = System/Library/Frameworks/CoreLocation.framework; sourceTree = SDKROOT; };
		301BF5C0109A6A2B0062928A /* MediaPlayer.framework */ = {isa = PBXFileReference; lastKnownFileType = wrapper.framework; name = MediaPlayer.framework; path = System/Library/Frameworks/MediaPlayer.framework; sourceTree = SDKROOT; };
		301BF5C2109A6A2B0062928A /* QuartzCore.framework */ = {isa = PBXFileReference; lastKnownFileType = wrapper.framework; name = QuartzCore.framework; path = System/Library/Frameworks/QuartzCore.framework; sourceTree = SDKROOT; };
		301BF5C4109A6A2B0062928A /* SystemConfiguration.framework */ = {isa = PBXFileReference; lastKnownFileType = wrapper.framework; name = SystemConfiguration.framework; path = System/Library/Frameworks/SystemConfiguration.framework; sourceTree = SDKROOT; };
		302D95EE14D2391D003F00A1 /* MainViewController.h */ = {isa = PBXFileReference; fileEncoding = 4; lastKnownFileType = sourcecode.c.h; path = MainViewController.h; sourceTree = "<group>"; };
		302D95EF14D2391D003F00A1 /* MainViewController.m */ = {isa = PBXFileReference; fileEncoding = 4; lastKnownFileType = sourcecode.c.objc; path = MainViewController.m; sourceTree = "<group>"; };
		302D95F014D2391D003F00A1 /* MainViewController.xib */ = {isa = PBXFileReference; fileEncoding = 4; lastKnownFileType = file.xib; path = MainViewController.xib; sourceTree = "<group>"; };
		305D5FD0115AB8F900A74A75 /* MobileCoreServices.framework */ = {isa = PBXFileReference; lastKnownFileType = wrapper.framework; name = MobileCoreServices.framework; path = System/Library/Frameworks/MobileCoreServices.framework; sourceTree = SDKROOT; };
		3072F99613A8081B00425683 /* Capture.bundle */ = {isa = PBXFileReference; lastKnownFileType = "wrapper.plug-in"; path = Capture.bundle; sourceTree = "<group>"; };
		3088BBB7154F3926009F9C59 /* Default-Landscape@2x~ipad.png */ = {isa = PBXFileReference; lastKnownFileType = image.png; path = "Default-Landscape@2x~ipad.png"; sourceTree = "<group>"; };
		3088BBB8154F3926009F9C59 /* Default-Landscape~ipad.png */ = {isa = PBXFileReference; lastKnownFileType = image.png; path = "Default-Landscape~ipad.png"; sourceTree = "<group>"; };
		3088BBB9154F3926009F9C59 /* Default-Portrait@2x~ipad.png */ = {isa = PBXFileReference; lastKnownFileType = image.png; path = "Default-Portrait@2x~ipad.png"; sourceTree = "<group>"; };
		3088BBBA154F3926009F9C59 /* Default-Portrait~ipad.png */ = {isa = PBXFileReference; lastKnownFileType = image.png; path = "Default-Portrait~ipad.png"; sourceTree = "<group>"; };
		3088BBBB154F3926009F9C59 /* Default@2x~iphone.png */ = {isa = PBXFileReference; lastKnownFileType = image.png; path = "Default@2x~iphone.png"; sourceTree = "<group>"; };
		3088BBBC154F3926009F9C59 /* Default~iphone.png */ = {isa = PBXFileReference; lastKnownFileType = image.png; path = "Default~iphone.png"; sourceTree = "<group>"; };
		308D052E1370CCF300D202BF /* icon-72.png */ = {isa = PBXFileReference; lastKnownFileType = image.png; path = "icon-72.png"; sourceTree = "<group>"; };
		308D052F1370CCF300D202BF /* icon.png */ = {isa = PBXFileReference; lastKnownFileType = image.png; path = icon.png; sourceTree = "<group>"; };
		308D05301370CCF300D202BF /* icon@2x.png */ = {isa = PBXFileReference; lastKnownFileType = image.png; path = "icon@2x.png"; sourceTree = "<group>"; };
		30A0434414DC770100060A13 /* de */ = {isa = PBXFileReference; lastKnownFileType = text.plist.strings; name = de; path = Localizable.strings; sourceTree = "<group>"; };
		30A0434714DC770100060A13 /* se */ = {isa = PBXFileReference; lastKnownFileType = text.plist.strings; name = se; path = Localizable.strings; sourceTree = "<group>"; };
		30E1352610E2C1420031B30D /* Cordova.plist */ = {isa = PBXFileReference; fileEncoding = 4; lastKnownFileType = text.plist.xml; name = Cordova.plist; path = ../Cordova.plist; sourceTree = "<group>"; };
		30E5649113A7FCAF007403D8 /* CoreMedia.framework */ = {isa = PBXFileReference; lastKnownFileType = wrapper.framework; name = CoreMedia.framework; path = System/Library/Frameworks/CoreMedia.framework; sourceTree = SDKROOT; };
		32CA4F630368D1EE00C91783 /* Rower-Prefix.pch */ = {isa = PBXFileReference; fileEncoding = 4; lastKnownFileType = sourcecode.c.h; path = "Rower-Prefix.pch"; sourceTree = "<group>"; };
		66A0AC02169ED25D00A20070 /* cordova-2.2.0.js */ = {isa = PBXFileReference; fileEncoding = 4; lastKnownFileType = sourcecode.javascript; path = "cordova-2.2.0.js"; sourceTree = "<group>"; };
		66A0AC04169ED25D00A20070 /* index.css */ = {isa = PBXFileReference; fileEncoding = 4; lastKnownFileType = text.css; path = index.css; sourceTree = "<group>"; };
		66A0AC05169ED25D00A20070 /* index.html */ = {isa = PBXFileReference; fileEncoding = 4; lastKnownFileType = text.html; path = index.html; sourceTree = "<group>"; };
		66A0AC06169ED25D00A20070 /* jasmine.html */ = {isa = PBXFileReference; fileEncoding = 4; lastKnownFileType = text.html; path = jasmine.html; sourceTree = "<group>"; };
		66A0AC08169ED25D00A20070 /* drum.mp3 */ = {isa = PBXFileReference; lastKnownFileType = audio.mp3; path = drum.mp3; sourceTree = "<group>"; };
		66A0AC09169ED25D00A20070 /* hihat.mp3 */ = {isa = PBXFileReference; lastKnownFileType = audio.mp3; path = hihat.mp3; sourceTree = "<group>"; };
		66A0AC0A169ED25D00A20070 /* index.js */ = {isa = PBXFileReference; fileEncoding = 4; lastKnownFileType = sourcecode.javascript; path = index.js; sourceTree = "<group>"; };
		66A0AC0C169ED25D00A20070 /* jquery-1.8.3.min.js */ = {isa = PBXFileReference; fileEncoding = 4; lastKnownFileType = sourcecode.javascript; path = "jquery-1.8.3.min.js"; sourceTree = "<group>"; };
		66A0AC0D169ED25D00A20070 /* LowLatencyAudio.js */ = {isa = PBXFileReference; fileEncoding = 4; lastKnownFileType = sourcecode.javascript; path = LowLatencyAudio.js; sourceTree = "<group>"; };
		66A0AC0E169ED25D00A20070 /* smoothie.js */ = {isa = PBXFileReference; fileEncoding = 4; lastKnownFileType = sourcecode.javascript; path = smoothie.js; sourceTree = "<group>"; };
		66A0AC0F169ED25D00A20070 /* metronome.mp3 */ = {isa = PBXFileReference; lastKnownFileType = audio.mp3; path = metronome.mp3; sourceTree = "<group>"; };
		66A0AC11169ED25D00A20070 /* accelerometer-playback.js */ = {isa = PBXFileReference; fileEncoding = 4; lastKnownFileType = sourcecode.javascript; path = "accelerometer-playback.js"; sourceTree = "<group>"; };
		66A0AC12169ED25D00A20070 /* accelerometer.js */ = {isa = PBXFileReference; fileEncoding = 4; lastKnownFileType = sourcecode.javascript; path = accelerometer.js; sourceTree = "<group>"; };
		66A0AC13169ED25D00A20070 /* datastream.js */ = {isa = PBXFileReference; fileEncoding = 4; lastKnownFileType = sourcecode.javascript; path = datastream.js; sourceTree = "<group>"; };
		66A0AC14169ED25D00A20070 /* detector.js */ = {isa = PBXFileReference; fileEncoding = 4; lastKnownFileType = sourcecode.javascript; path = detector.js; sourceTree = "<group>"; };
		66A0AC15169ED25D00A20070 /* metronome.js */ = {isa = PBXFileReference; fileEncoding = 4; lastKnownFileType = sourcecode.javascript; path = metronome.js; sourceTree = "<group>"; };
		66A0AC16169ED25D00A20070 /* score-calculator.js */ = {isa = PBXFileReference; fileEncoding = 4; lastKnownFileType = sourcecode.javascript; path = "score-calculator.js"; sourceTree = "<group>"; };
		66A0AC17169ED25D00A20070 /* sound.js */ = {isa = PBXFileReference; fileEncoding = 4; lastKnownFileType = sourcecode.javascript; path = sound.js; sourceTree = "<group>"; };
		66A0AC18169ED25D00A20070 /* ui.js */ = {isa = PBXFileReference; fileEncoding = 4; lastKnownFileType = sourcecode.javascript; path = ui.js; sourceTree = "<group>"; };
		66A0AC19169ED25D00A20070 /* rower.js */ = {isa = PBXFileReference; fileEncoding = 4; lastKnownFileType = sourcecode.javascript; path = rower.js; sourceTree = "<group>"; };
		66A0AC1D169ED25D00A20070 /* icon-57-2x.png */ = {isa = PBXFileReference; lastKnownFileType = image.png; path = "icon-57-2x.png"; sourceTree = "<group>"; };
		66A0AC1E169ED25D00A20070 /* icon-57.png */ = {isa = PBXFileReference; lastKnownFileType = image.png; path = "icon-57.png"; sourceTree = "<group>"; };
		66A0AC1F169ED25D00A20070 /* icon-72-2x.png */ = {isa = PBXFileReference; lastKnownFileType = image.png; path = "icon-72-2x.png"; sourceTree = "<group>"; };
		66A0AC20169ED25D00A20070 /* icon-72.png */ = {isa = PBXFileReference; lastKnownFileType = image.png; path = "icon-72.png"; sourceTree = "<group>"; };
		66A0AC23169ED25D00A20070 /* screen-ipad-landscape-2x.png */ = {isa = PBXFileReference; lastKnownFileType = image.png; path = "screen-ipad-landscape-2x.png"; sourceTree = "<group>"; };
		66A0AC24169ED25D00A20070 /* screen-ipad-landscape.png */ = {isa = PBXFileReference; lastKnownFileType = image.png; path = "screen-ipad-landscape.png"; sourceTree = "<group>"; };
		66A0AC25169ED25D00A20070 /* screen-ipad-portrait-2x.png */ = {isa = PBXFileReference; lastKnownFileType = image.png; path = "screen-ipad-portrait-2x.png"; sourceTree = "<group>"; };
		66A0AC26169ED25D00A20070 /* screen-ipad-portrait.png */ = {isa = PBXFileReference; lastKnownFileType = image.png; path = "screen-ipad-portrait.png"; sourceTree = "<group>"; };
		66A0AC27169ED25D00A20070 /* screen-iphone-landscape-2x.png */ = {isa = PBXFileReference; lastKnownFileType = image.png; path = "screen-iphone-landscape-2x.png"; sourceTree = "<group>"; };
		66A0AC28169ED25D00A20070 /* screen-iphone-landscape.png */ = {isa = PBXFileReference; lastKnownFileType = image.png; path = "screen-iphone-landscape.png"; sourceTree = "<group>"; };
		66A0AC29169ED25D00A20070 /* screen-iphone-portrait-2x.png */ = {isa = PBXFileReference; lastKnownFileType = image.png; path = "screen-iphone-portrait-2x.png"; sourceTree = "<group>"; };
		66A0AC2A169ED25D00A20070 /* screen-iphone-portrait.png */ = {isa = PBXFileReference; lastKnownFileType = image.png; path = "screen-iphone-portrait.png"; sourceTree = "<group>"; };
		66A0AC2C169ED25D00A20070 /* accelerometerSpec.js */ = {isa = PBXFileReference; fileEncoding = 4; lastKnownFileType = sourcecode.javascript; path = accelerometerSpec.js; sourceTree = "<group>"; };
		66A0AC2D169ED25D00A20070 /* detectorSpec.js */ = {isa = PBXFileReference; fileEncoding = 4; lastKnownFileType = sourcecode.javascript; path = detectorSpec.js; sourceTree = "<group>"; };
		66A0AC2E169ED25D00A20070 /* filterSpec.js */ = {isa = PBXFileReference; fileEncoding = 4; lastKnownFileType = sourcecode.javascript; path = filterSpec.js; sourceTree = "<group>"; };
		66A0AC2F169ED25D00A20070 /* helper.js */ = {isa = PBXFileReference; fileEncoding = 4; lastKnownFileType = sourcecode.javascript; path = helper.js; sourceTree = "<group>"; };
		66A0AC30169ED25D00A20070 /* index.js */ = {isa = PBXFileReference; fileEncoding = 4; lastKnownFileType = sourcecode.javascript; path = index.js; sourceTree = "<group>"; };
		66A0AC32169ED25D00A20070 /* console-runner.js */ = {isa = PBXFileReference; fileEncoding = 4; lastKnownFileType = sourcecode.javascript; path = "console-runner.js"; sourceTree = "<group>"; };
		66A0AC34169ED25D00A20070 /* jasmine-html.js */ = {isa = PBXFileReference; fileEncoding = 4; lastKnownFileType = sourcecode.javascript; path = "jasmine-html.js"; sourceTree = "<group>"; };
		66A0AC35169ED25D00A20070 /* jasmine.css */ = {isa = PBXFileReference; fileEncoding = 4; lastKnownFileType = text.css; path = jasmine.css; sourceTree = "<group>"; };
		66A0AC36169ED25D00A20070 /* jasmine.js */ = {isa = PBXFileReference; fileEncoding = 4; lastKnownFileType = sourcecode.javascript; path = jasmine.js; sourceTree = "<group>"; };
		66A0AC37169ED25D00A20070 /* MIT.LICENSE */ = {isa = PBXFileReference; fileEncoding = 4; lastKnownFileType = text; path = MIT.LICENSE; sourceTree = "<group>"; };
		66A0AC38169ED25D00A20070 /* metronomeSpec.js */ = {isa = PBXFileReference; fileEncoding = 4; lastKnownFileType = sourcecode.javascript; path = metronomeSpec.js; sourceTree = "<group>"; };
		66A0AC39169ED25D00A20070 /* mock-data.csv */ = {isa = PBXFileReference; fileEncoding = 4; lastKnownFileType = text; path = "mock-data.csv"; sourceTree = "<group>"; };
		66A0AC3A169ED25D00A20070 /* rowerSpec.js */ = {isa = PBXFileReference; fileEncoding = 4; lastKnownFileType = sourcecode.javascript; path = rowerSpec.js; sourceTree = "<group>"; };
		66A0AC3B169ED25D00A20070 /* run-tests.sh */ = {isa = PBXFileReference; fileEncoding = 4; lastKnownFileType = text.script.sh; path = "run-tests.sh"; sourceTree = "<group>"; };
		66A0AC3C169ED25D00A20070 /* scoreCalculatorSpec.js */ = {isa = PBXFileReference; fileEncoding = 4; lastKnownFileType = sourcecode.javascript; path = scoreCalculatorSpec.js; sourceTree = "<group>"; };
		66A0AC3D169ED25D00A20070 /* soundPlayerSpec.js */ = {isa = PBXFileReference; fileEncoding = 4; lastKnownFileType = sourcecode.javascript; path = soundPlayerSpec.js; sourceTree = "<group>"; };
		66B7655F16920CB100AB0B5E /* LowLatencyAudio.h */ = {isa = PBXFileReference; fileEncoding = 4; lastKnownFileType = sourcecode.c.h; path = LowLatencyAudio.h; sourceTree = "<group>"; };
		66B7656016920CB100AB0B5E /* LowLatencyAudio.m */ = {isa = PBXFileReference; fileEncoding = 4; lastKnownFileType = sourcecode.c.objc; path = LowLatencyAudio.m; sourceTree = "<group>"; };
		66B7656216920D7D00AB0B5E /* LowLatencyAudioAsset.h */ = {isa = PBXFileReference; fileEncoding = 4; lastKnownFileType = sourcecode.c.h; path = LowLatencyAudioAsset.h; sourceTree = "<group>"; };
		66B7656316920D7D00AB0B5E /* LowLatencyAudioAsset.m */ = {isa = PBXFileReference; fileEncoding = 4; lastKnownFileType = sourcecode.c.objc; path = LowLatencyAudioAsset.m; sourceTree = "<group>"; };
		8D1107310486CEB800E47090 /* Rower-Info.plist */ = {isa = PBXFileReference; fileEncoding = 4; lastKnownFileType = text.plist.xml; name = "Rower-Info.plist"; path = "../Rower-Info.plist"; plistStructureDefinitionIdentifier = "com.apple.xcode.plist.structure-definition.iphone.info-plist"; sourceTree = "<group>"; };
		D4A0D8751607E02300AEF8BB /* Default-568h@2x~iphone.png */ = {isa = PBXFileReference; lastKnownFileType = image.png; path = "Default-568h@2x~iphone.png"; sourceTree = "<group>"; };
/* End PBXFileReference section */

/* Begin PBXFrameworksBuildPhase section */
		1D60588F0D05DD3D006BFB54 /* Frameworks */ = {
			isa = PBXFrameworksBuildPhase;
			buildActionMask = 2147483647;
			files = (
				301BF552109A68D80062928A /* libCordova.a in Frameworks */,
				1D60589F0D05DD5A006BFB54 /* Foundation.framework in Frameworks */,
				1DF5F4E00D08C38300B7A737 /* UIKit.framework in Frameworks */,
				288765FD0DF74451002DB57D /* CoreGraphics.framework in Frameworks */,
				301BF5B5109A6A2B0062928A /* AddressBook.framework in Frameworks */,
				301BF5B7109A6A2B0062928A /* AddressBookUI.framework in Frameworks */,
				301BF5B9109A6A2B0062928A /* AudioToolbox.framework in Frameworks */,
				301BF5BB109A6A2B0062928A /* AVFoundation.framework in Frameworks */,
				301BF5BD109A6A2B0062928A /* CFNetwork.framework in Frameworks */,
				301BF5BF109A6A2B0062928A /* CoreLocation.framework in Frameworks */,
				301BF5C1109A6A2B0062928A /* MediaPlayer.framework in Frameworks */,
				301BF5C3109A6A2B0062928A /* QuartzCore.framework in Frameworks */,
				301BF5C5109A6A2B0062928A /* SystemConfiguration.framework in Frameworks */,
				305D5FD1115AB8F900A74A75 /* MobileCoreServices.framework in Frameworks */,
				30E5649213A7FCAF007403D8 /* CoreMedia.framework in Frameworks */,
			);
			runOnlyForDeploymentPostprocessing = 0;
		};
/* End PBXFrameworksBuildPhase section */

/* Begin PBXGroup section */
		080E96DDFE201D6D7F000001 /* Classes */ = {
			isa = PBXGroup;
			children = (
				302D95EE14D2391D003F00A1 /* MainViewController.h */,
				302D95EF14D2391D003F00A1 /* MainViewController.m */,
				302D95F014D2391D003F00A1 /* MainViewController.xib */,
				1D3623240D0F684500981E51 /* AppDelegate.h */,
				1D3623250D0F684500981E51 /* AppDelegate.m */,
			);
			name = Classes;
			path = Rower/Classes;
			sourceTree = SOURCE_ROOT;
		};
		19C28FACFE9D520D11CA2CBB /* Products */ = {
			isa = PBXGroup;
			children = (
				1D6058910D05DD3D006BFB54 /* Rower.app */,
			);
			name = Products;
			sourceTree = "<group>";
		};
		1F766FDB13BBADB100FB74C0 /* en.lproj */ = {
			isa = PBXGroup;
			children = (
				1F766FDC13BBADB100FB74C0 /* Localizable.strings */,
			);
			path = en.lproj;
			sourceTree = "<group>";
		};
		1F766FDE13BBADB100FB74C0 /* es.lproj */ = {
			isa = PBXGroup;
			children = (
				1F766FDF13BBADB100FB74C0 /* Localizable.strings */,
			);
			path = es.lproj;
			sourceTree = "<group>";
		};
		29B97314FDCFA39411CA2CEA /* CustomTemplate */ = {
			isa = PBXGroup;
			children = (
				66A0AC01169ED25D00A20070 /* www */,
				301BF52D109A57CC0062928A /* CordovaLib.xcodeproj */,
				080E96DDFE201D6D7F000001 /* Classes */,
				307C750510C5A3420062BCA9 /* Plugins */,
				29B97315FDCFA39411CA2CEA /* Other Sources */,
				29B97317FDCFA39411CA2CEA /* Resources */,
				29B97323FDCFA39411CA2CEA /* Frameworks */,
				19C28FACFE9D520D11CA2CBB /* Products */,
			);
			name = CustomTemplate;
			sourceTree = "<group>";
		};
		29B97315FDCFA39411CA2CEA /* Other Sources */ = {
			isa = PBXGroup;
			children = (
				32CA4F630368D1EE00C91783 /* Rower-Prefix.pch */,
				29B97316FDCFA39411CA2CEA /* main.m */,
			);
			name = "Other Sources";
			path = Rower;
			sourceTree = "<group>";
		};
		29B97317FDCFA39411CA2CEA /* Resources */ = {
			isa = PBXGroup;
			children = (
				30A0434214DC770100060A13 /* de.lproj */,
				30A0434514DC770100060A13 /* se.lproj */,
				1F766FDB13BBADB100FB74C0 /* en.lproj */,
				1F766FDE13BBADB100FB74C0 /* es.lproj */,
				3072F99613A8081B00425683 /* Capture.bundle */,
				308D052D1370CCF300D202BF /* icons */,
				308D05311370CCF300D202BF /* splash */,
				30E1352610E2C1420031B30D /* Cordova.plist */,
				8D1107310486CEB800E47090 /* Rower-Info.plist */,
			);
			name = Resources;
			path = Rower/Resources;
			sourceTree = "<group>";
		};
		29B97323FDCFA39411CA2CEA /* Frameworks */ = {
			isa = PBXGroup;
			children = (
				1DF5F4DF0D08C38300B7A737 /* UIKit.framework */,
				1D30AB110D05D00D00671497 /* Foundation.framework */,
				288765FC0DF74451002DB57D /* CoreGraphics.framework */,
				301BF5B4109A6A2B0062928A /* AddressBook.framework */,
				301BF5B6109A6A2B0062928A /* AddressBookUI.framework */,
				301BF5B8109A6A2B0062928A /* AudioToolbox.framework */,
				301BF5BA109A6A2B0062928A /* AVFoundation.framework */,
				301BF5BC109A6A2B0062928A /* CFNetwork.framework */,
				301BF5BE109A6A2B0062928A /* CoreLocation.framework */,
				301BF5C0109A6A2B0062928A /* MediaPlayer.framework */,
				301BF5C2109A6A2B0062928A /* QuartzCore.framework */,
				301BF5C4109A6A2B0062928A /* SystemConfiguration.framework */,
				305D5FD0115AB8F900A74A75 /* MobileCoreServices.framework */,
				30E5649113A7FCAF007403D8 /* CoreMedia.framework */,
			);
			name = Frameworks;
			sourceTree = "<group>";
		};
		301BF52E109A57CC0062928A /* Products */ = {
			isa = PBXGroup;
			children = (
				301BF535109A57CC0062928A /* libCordova.a */,
			);
			name = Products;
			sourceTree = "<group>";
		};
		307C750510C5A3420062BCA9 /* Plugins */ = {
			isa = PBXGroup;
			children = (
				66B7656216920D7D00AB0B5E /* LowLatencyAudioAsset.h */,
				66B7656316920D7D00AB0B5E /* LowLatencyAudioAsset.m */,
				66B7655F16920CB100AB0B5E /* LowLatencyAudio.h */,
				66B7656016920CB100AB0B5E /* LowLatencyAudio.m */,
			);
			name = Plugins;
			path = Rower/Plugins;
			sourceTree = SOURCE_ROOT;
		};
		308D052D1370CCF300D202BF /* icons */ = {
			isa = PBXGroup;
			children = (
				308D052E1370CCF300D202BF /* icon-72.png */,
				308D052F1370CCF300D202BF /* icon.png */,
				308D05301370CCF300D202BF /* icon@2x.png */,
			);
			path = icons;
			sourceTree = "<group>";
		};
		308D05311370CCF300D202BF /* splash */ = {
			isa = PBXGroup;
			children = (
				D4A0D8751607E02300AEF8BB /* Default-568h@2x~iphone.png */,
				3088BBB7154F3926009F9C59 /* Default-Landscape@2x~ipad.png */,
				3088BBB8154F3926009F9C59 /* Default-Landscape~ipad.png */,
				3088BBB9154F3926009F9C59 /* Default-Portrait@2x~ipad.png */,
				3088BBBA154F3926009F9C59 /* Default-Portrait~ipad.png */,
				3088BBBB154F3926009F9C59 /* Default@2x~iphone.png */,
				3088BBBC154F3926009F9C59 /* Default~iphone.png */,
			);
			path = splash;
			sourceTree = "<group>";
		};
		30A0434214DC770100060A13 /* de.lproj */ = {
			isa = PBXGroup;
			children = (
				30A0434314DC770100060A13 /* Localizable.strings */,
			);
			path = de.lproj;
			sourceTree = "<group>";
		};
		30A0434514DC770100060A13 /* se.lproj */ = {
			isa = PBXGroup;
			children = (
				30A0434614DC770100060A13 /* Localizable.strings */,
			);
			path = se.lproj;
			sourceTree = "<group>";
		};
		66A0AC01169ED25D00A20070 /* www */ = {
			isa = PBXGroup;
			children = (
				66A0AC02169ED25D00A20070 /* cordova-2.2.0.js */,
				66A0AC03169ED25D00A20070 /* css */,
				66A0AC05169ED25D00A20070 /* index.html */,
				66A0AC06169ED25D00A20070 /* jasmine.html */,
				66A0AC07169ED25D00A20070 /* js */,
				66A0AC1A169ED25D00A20070 /* res */,
				66A0AC2B169ED25D00A20070 /* spec */,
			);
			path = www;
			sourceTree = "<group>";
		};
		66A0AC03169ED25D00A20070 /* css */ = {
			isa = PBXGroup;
			children = (
				66A0AC04169ED25D00A20070 /* index.css */,
			);
			path = css;
			sourceTree = "<group>";
		};
		66A0AC07169ED25D00A20070 /* js */ = {
			isa = PBXGroup;
			children = (
				66A0AC08169ED25D00A20070 /* drum.mp3 */,
				66A0AC09169ED25D00A20070 /* hihat.mp3 */,
				66A0AC0A169ED25D00A20070 /* index.js */,
				66A0AC0B169ED25D00A20070 /* lib */,
				66A0AC0F169ED25D00A20070 /* metronome.mp3 */,
				66A0AC10169ED25D00A20070 /* rower */,
				66A0AC19169ED25D00A20070 /* rower.js */,
			);
			path = js;
			sourceTree = "<group>";
		};
		66A0AC0B169ED25D00A20070 /* lib */ = {
			isa = PBXGroup;
			children = (
				66A0AC0C169ED25D00A20070 /* jquery-1.8.3.min.js */,
				66A0AC0D169ED25D00A20070 /* LowLatencyAudio.js */,
				66A0AC0E169ED25D00A20070 /* smoothie.js */,
			);
			path = lib;
			sourceTree = "<group>";
		};
		66A0AC10169ED25D00A20070 /* rower */ = {
			isa = PBXGroup;
			children = (
				66A0AC11169ED25D00A20070 /* accelerometer-playback.js */,
				66A0AC12169ED25D00A20070 /* accelerometer.js */,
				66A0AC13169ED25D00A20070 /* datastream.js */,
				66A0AC14169ED25D00A20070 /* detector.js */,
				66A0AC15169ED25D00A20070 /* metronome.js */,
				66A0AC16169ED25D00A20070 /* score-calculator.js */,
				66A0AC17169ED25D00A20070 /* sound.js */,
				66A0AC18169ED25D00A20070 /* ui.js */,
			);
			path = rower;
			sourceTree = "<group>";
		};
		66A0AC1A169ED25D00A20070 /* res */ = {
			isa = PBXGroup;
			children = (
				66A0AC1B169ED25D00A20070 /* icon */,
				66A0AC21169ED25D00A20070 /* screen */,
			);
			path = res;
			sourceTree = "<group>";
		};
		66A0AC1B169ED25D00A20070 /* icon */ = {
			isa = PBXGroup;
			children = (
				66A0AC1C169ED25D00A20070 /* ios */,
			);
			path = icon;
			sourceTree = "<group>";
		};
		66A0AC1C169ED25D00A20070 /* ios */ = {
			isa = PBXGroup;
			children = (
				66A0AC1D169ED25D00A20070 /* icon-57-2x.png */,
				66A0AC1E169ED25D00A20070 /* icon-57.png */,
				66A0AC1F169ED25D00A20070 /* icon-72-2x.png */,
				66A0AC20169ED25D00A20070 /* icon-72.png */,
			);
			path = ios;
			sourceTree = "<group>";
		};
		66A0AC21169ED25D00A20070 /* screen */ = {
			isa = PBXGroup;
			children = (
				66A0AC22169ED25D00A20070 /* ios */,
			);
			path = screen;
			sourceTree = "<group>";
		};
		66A0AC22169ED25D00A20070 /* ios */ = {
			isa = PBXGroup;
			children = (
				66A0AC23169ED25D00A20070 /* screen-ipad-landscape-2x.png */,
				66A0AC24169ED25D00A20070 /* screen-ipad-landscape.png */,
				66A0AC25169ED25D00A20070 /* screen-ipad-portrait-2x.png */,
				66A0AC26169ED25D00A20070 /* screen-ipad-portrait.png */,
				66A0AC27169ED25D00A20070 /* screen-iphone-landscape-2x.png */,
				66A0AC28169ED25D00A20070 /* screen-iphone-landscape.png */,
				66A0AC29169ED25D00A20070 /* screen-iphone-portrait-2x.png */,
				66A0AC2A169ED25D00A20070 /* screen-iphone-portrait.png */,
			);
			path = ios;
			sourceTree = "<group>";
		};
		66A0AC2B169ED25D00A20070 /* spec */ = {
			isa = PBXGroup;
			children = (
				66A0AC2C169ED25D00A20070 /* accelerometerSpec.js */,
				66A0AC2D169ED25D00A20070 /* detectorSpec.js */,
				66A0AC2E169ED25D00A20070 /* filterSpec.js */,
				66A0AC2F169ED25D00A20070 /* helper.js */,
				66A0AC30169ED25D00A20070 /* index.js */,
				66A0AC31169ED25D00A20070 /* lib */,
				66A0AC38169ED25D00A20070 /* metronomeSpec.js */,
				66A0AC39169ED25D00A20070 /* mock-data.csv */,
				66A0AC3A169ED25D00A20070 /* rowerSpec.js */,
				66A0AC3B169ED25D00A20070 /* run-tests.sh */,
				66A0AC3C169ED25D00A20070 /* scoreCalculatorSpec.js */,
				66A0AC3D169ED25D00A20070 /* soundPlayerSpec.js */,
			);
			path = spec;
			sourceTree = "<group>";
		};
		66A0AC31169ED25D00A20070 /* lib */ = {
			isa = PBXGroup;
			children = (
				66A0AC32169ED25D00A20070 /* console-runner.js */,
				66A0AC33169ED25D00A20070 /* jasmine-1.2.0 */,
			);
			path = lib;
			sourceTree = "<group>";
		};
		66A0AC33169ED25D00A20070 /* jasmine-1.2.0 */ = {
			isa = PBXGroup;
			children = (
				66A0AC34169ED25D00A20070 /* jasmine-html.js */,
				66A0AC35169ED25D00A20070 /* jasmine.css */,
				66A0AC36169ED25D00A20070 /* jasmine.js */,
				66A0AC37169ED25D00A20070 /* MIT.LICENSE */,
			);
			path = "jasmine-1.2.0";
			sourceTree = "<group>";
		};
/* End PBXGroup section */

/* Begin PBXNativeTarget section */
		1D6058900D05DD3D006BFB54 /* Rower */ = {
			isa = PBXNativeTarget;
			buildConfigurationList = 1D6058960D05DD3E006BFB54 /* Build configuration list for PBXNativeTarget "Rower" */;
			buildPhases = (
				304B58A110DAC018002A0835 /* Touch www folder */,
				1D60588D0D05DD3D006BFB54 /* Resources */,
				1D60588E0D05DD3D006BFB54 /* Sources */,
				1D60588F0D05DD3D006BFB54 /* Frameworks */,
			);
			buildRules = (
			);
			dependencies = (
				301BF551109A68C00062928A /* PBXTargetDependency */,
			);
			name = Rower;
			productName = Rower;
			productReference = 1D6058910D05DD3D006BFB54 /* Rower.app */;
			productType = "com.apple.product-type.application";
		};
/* End PBXNativeTarget section */

/* Begin PBXProject section */
		29B97313FDCFA39411CA2CEA /* Project object */ = {
			isa = PBXProject;
			attributes = {
				LastUpgradeCheck = 0430;
			};
			buildConfigurationList = C01FCF4E08A954540054247B /* Build configuration list for PBXProject "Rower" */;
			compatibilityVersion = "Xcode 3.2";
			developmentRegion = English;
			hasScannedForEncodings = 1;
			knownRegions = (
				English,
				Japanese,
				French,
				German,
				en,
				es,
				de,
				se,
			);
			mainGroup = 29B97314FDCFA39411CA2CEA /* CustomTemplate */;
			projectDirPath = "";
			projectReferences = (
				{
					ProductGroup = 301BF52E109A57CC0062928A /* Products */;
					ProjectRef = 301BF52D109A57CC0062928A /* CordovaLib.xcodeproj */;
				},
			);
			projectRoot = "";
			targets = (
				1D6058900D05DD3D006BFB54 /* Rower */,
			);
		};
/* End PBXProject section */

/* Begin PBXReferenceProxy section */
		301BF535109A57CC0062928A /* libCordova.a */ = {
			isa = PBXReferenceProxy;
			fileType = archive.ar;
			path = libCordova.a;
			remoteRef = 301BF534109A57CC0062928A /* PBXContainerItemProxy */;
			sourceTree = BUILT_PRODUCTS_DIR;
		};
/* End PBXReferenceProxy section */

/* Begin PBXResourcesBuildPhase section */
		1D60588D0D05DD3D006BFB54 /* Resources */ = {
			isa = PBXResourcesBuildPhase;
			buildActionMask = 2147483647;
			files = (
				30E1352710E2C1420031B30D /* Cordova.plist in Resources */,
				308D05371370CCF300D202BF /* icon-72.png in Resources */,
				308D05381370CCF300D202BF /* icon.png in Resources */,
				308D05391370CCF300D202BF /* icon@2x.png in Resources */,
				3072F99713A8081B00425683 /* Capture.bundle in Resources */,
				1F766FE113BBADB100FB74C0 /* Localizable.strings in Resources */,
				1F766FE213BBADB100FB74C0 /* Localizable.strings in Resources */,
				302D95F214D2391D003F00A1 /* MainViewController.xib in Resources */,
				30A0434814DC770100060A13 /* Localizable.strings in Resources */,
				30A0434914DC770100060A13 /* Localizable.strings in Resources */,
				3088BBBD154F3926009F9C59 /* Default-Landscape@2x~ipad.png in Resources */,
				3088BBBE154F3926009F9C59 /* Default-Landscape~ipad.png in Resources */,
				3088BBBF154F3926009F9C59 /* Default-Portrait@2x~ipad.png in Resources */,
				3088BBC0154F3926009F9C59 /* Default-Portrait~ipad.png in Resources */,
				3088BBC1154F3926009F9C59 /* Default@2x~iphone.png in Resources */,
				3088BBC2154F3926009F9C59 /* Default~iphone.png in Resources */,
				D4A0D8761607E02300AEF8BB /* Default-568h@2x~iphone.png in Resources */,
				66A0AC3F169ED25D00A20070 /* index.css in Resources */,
				66A0AC40169ED25D00A20070 /* index.html in Resources */,
				66A0AC41169ED25D00A20070 /* jasmine.html in Resources */,
				66A0AC42169ED25D00A20070 /* drum.mp3 in Resources */,
				66A0AC43169ED25D00A20070 /* hihat.mp3 in Resources */,
				66A0AC48169ED25D00A20070 /* metronome.mp3 in Resources */,
				66A0AC52169ED25D00A20070 /* icon-57-2x.png in Resources */,
				66A0AC53169ED25D00A20070 /* icon-57.png in Resources */,
				66A0AC54169ED25D00A20070 /* icon-72-2x.png in Resources */,
				66A0AC55169ED25D00A20070 /* icon-72.png in Resources */,
				66A0AC56169ED25D00A20070 /* screen-ipad-landscape-2x.png in Resources */,
				66A0AC57169ED25D00A20070 /* screen-ipad-landscape.png in Resources */,
				66A0AC58169ED25D00A20070 /* screen-ipad-portrait-2x.png in Resources */,
				66A0AC59169ED25D00A20070 /* screen-ipad-portrait.png in Resources */,
				66A0AC5A169ED25D00A20070 /* screen-iphone-landscape-2x.png in Resources */,
				66A0AC5B169ED25D00A20070 /* screen-iphone-landscape.png in Resources */,
				66A0AC5C169ED25D00A20070 /* screen-iphone-portrait-2x.png in Resources */,
				66A0AC5D169ED25D00A20070 /* screen-iphone-portrait.png in Resources */,
				66A0AC65169ED25D00A20070 /* jasmine.css in Resources */,
				66A0AC67169ED25D00A20070 /* MIT.LICENSE in Resources */,
				66A0AC69169ED25D00A20070 /* mock-data.csv in Resources */,
				66A0AC6B169ED25D00A20070 /* run-tests.sh in Resources */,
			);
			runOnlyForDeploymentPostprocessing = 0;
		};
/* End PBXResourcesBuildPhase section */

/* Begin PBXShellScriptBuildPhase section */
		304B58A110DAC018002A0835 /* Touch www folder */ = {
			isa = PBXShellScriptBuildPhase;
			buildActionMask = 2147483647;
			files = (
			);
			inputPaths = (
			);
			name = "Touch www folder";
			outputPaths = (
			);
			runOnlyForDeploymentPostprocessing = 0;
			shellPath = /bin/sh;
			shellScript = "touch -cm ${PROJECT_DIR}/www";
		};
/* End PBXShellScriptBuildPhase section */

/* Begin PBXSourcesBuildPhase section */
		1D60588E0D05DD3D006BFB54 /* Sources */ = {
			isa = PBXSourcesBuildPhase;
			buildActionMask = 2147483647;
			files = (
				1D60589B0D05DD56006BFB54 /* main.m in Sources */,
				1D3623260D0F684500981E51 /* AppDelegate.m in Sources */,
				302D95F114D2391D003F00A1 /* MainViewController.m in Sources */,
				66B7656116920CB100AB0B5E /* LowLatencyAudio.m in Sources */,
				66B7656416920D7D00AB0B5E /* LowLatencyAudioAsset.m in Sources */,
				66A0AC3E169ED25D00A20070 /* cordova-2.2.0.js in Sources */,
				66A0AC44169ED25D00A20070 /* index.js in Sources */,
				66A0AC45169ED25D00A20070 /* jquery-1.8.3.min.js in Sources */,
				66A0AC46169ED25D00A20070 /* LowLatencyAudio.js in Sources */,
				66A0AC47169ED25D00A20070 /* smoothie.js in Sources */,
				66A0AC49169ED25D00A20070 /* accelerometer-playback.js in Sources */,
				66A0AC4A169ED25D00A20070 /* accelerometer.js in Sources */,
				66A0AC4B169ED25D00A20070 /* datastream.js in Sources */,
				66A0AC4C169ED25D00A20070 /* detector.js in Sources */,
				66A0AC4D169ED25D00A20070 /* metronome.js in Sources */,
				66A0AC4E169ED25D00A20070 /* score-calculator.js in Sources */,
				66A0AC4F169ED25D00A20070 /* sound.js in Sources */,
				66A0AC50169ED25D00A20070 /* ui.js in Sources */,
				66A0AC51169ED25D00A20070 /* rower.js in Sources */,
				66A0AC5E169ED25D00A20070 /* accelerometerSpec.js in Sources */,
				66A0AC5F169ED25D00A20070 /* detectorSpec.js in Sources */,
				66A0AC60169ED25D00A20070 /* filterSpec.js in Sources */,
				66A0AC61169ED25D00A20070 /* helper.js in Sources */,
				66A0AC62169ED25D00A20070 /* index.js in Sources */,
				66A0AC63169ED25D00A20070 /* console-runner.js in Sources */,
				66A0AC64169ED25D00A20070 /* jasmine-html.js in Sources */,
				66A0AC66169ED25D00A20070 /* jasmine.js in Sources */,
				66A0AC68169ED25D00A20070 /* metronomeSpec.js in Sources */,
				66A0AC6A169ED25D00A20070 /* rowerSpec.js in Sources */,
				66A0AC6C169ED25D00A20070 /* scoreCalculatorSpec.js in Sources */,
				66A0AC6D169ED25D00A20070 /* soundPlayerSpec.js in Sources */,
			);
			runOnlyForDeploymentPostprocessing = 0;
		};
/* End PBXSourcesBuildPhase section */

/* Begin PBXTargetDependency section */
		301BF551109A68C00062928A /* PBXTargetDependency */ = {
			isa = PBXTargetDependency;
			name = CordovaLib;
			targetProxy = 301BF550109A68C00062928A /* PBXContainerItemProxy */;
		};
/* End PBXTargetDependency section */

/* Begin PBXVariantGroup section */
		1F766FDC13BBADB100FB74C0 /* Localizable.strings */ = {
			isa = PBXVariantGroup;
			children = (
				1F766FDD13BBADB100FB74C0 /* en */,
			);
			name = Localizable.strings;
			sourceTree = "<group>";
		};
		1F766FDF13BBADB100FB74C0 /* Localizable.strings */ = {
			isa = PBXVariantGroup;
			children = (
				1F766FE013BBADB100FB74C0 /* es */,
			);
			name = Localizable.strings;
			sourceTree = "<group>";
		};
		30A0434314DC770100060A13 /* Localizable.strings */ = {
			isa = PBXVariantGroup;
			children = (
				30A0434414DC770100060A13 /* de */,
			);
			name = Localizable.strings;
			sourceTree = "<group>";
		};
		30A0434614DC770100060A13 /* Localizable.strings */ = {
			isa = PBXVariantGroup;
			children = (
				30A0434714DC770100060A13 /* se */,
			);
			name = Localizable.strings;
			sourceTree = "<group>";
		};
/* End PBXVariantGroup section */

/* Begin XCBuildConfiguration section */
		1D6058940D05DD3E006BFB54 /* Debug */ = {
			isa = XCBuildConfiguration;
			buildSettings = {
				ALWAYS_SEARCH_USER_PATHS = NO;
				CLANG_ENABLE_OBJC_ARC = NO;
				CLANG_WARN_OBJCPP_ARC_ABI = YES;
				COPY_PHASE_STRIP = NO;
				GCC_DYNAMIC_NO_PIC = NO;
				GCC_OPTIMIZATION_LEVEL = 0;
				GCC_PRECOMPILE_PREFIX_HEADER = YES;
				GCC_PREFIX_HEADER = "Rower/Rower-Prefix.pch";
				GCC_THUMB_SUPPORT = NO;
				GCC_VERSION = com.apple.compilers.llvm.clang.1_0;
				INFOPLIST_FILE = "Rower/Rower-Info.plist";
				IPHONEOS_DEPLOYMENT_TARGET = 5.1;
				PRODUCT_NAME = Rower;
				TARGETED_DEVICE_FAMILY = "1,2";
			};
			name = Debug;
		};
		1D6058950D05DD3E006BFB54 /* Release */ = {
			isa = XCBuildConfiguration;
			buildSettings = {
				ALWAYS_SEARCH_USER_PATHS = NO;
				CLANG_ENABLE_OBJC_ARC = NO;
				CLANG_WARN_OBJCPP_ARC_ABI = YES;
				COPY_PHASE_STRIP = YES;
				GCC_PRECOMPILE_PREFIX_HEADER = YES;
				GCC_PREFIX_HEADER = "Rower/Rower-Prefix.pch";
				GCC_THUMB_SUPPORT = NO;
				GCC_VERSION = com.apple.compilers.llvm.clang.1_0;
				INFOPLIST_FILE = "Rower/Rower-Info.plist";
				IPHONEOS_DEPLOYMENT_TARGET = 5.1;
				PRODUCT_NAME = Rower;
				TARGETED_DEVICE_FAMILY = "1,2";
			};
			name = Release;
		};
		C01FCF4F08A954540054247B /* Debug */ = {
			isa = XCBuildConfiguration;
			buildSettings = {
				ARCHS = "$(ARCHS_STANDARD_32_BIT)";
				"CODE_SIGN_IDENTITY[sdk=iphoneos*]" = "iPhone Developer";
				GCC_C_LANGUAGE_STANDARD = c99;
				GCC_THUMB_SUPPORT = NO;
				GCC_VERSION = com.apple.compilers.llvm.clang.1_0;
				GCC_WARN_ABOUT_RETURN_TYPE = YES;
				GCC_WARN_UNUSED_VARIABLE = YES;
				HEADER_SEARCH_PATHS = (
					"\"$(TARGET_BUILD_DIR)/usr/local/lib/include\"",
					"\"$(OBJROOT)/UninstalledProducts/include\"",
					"\"$(BUILT_PRODUCTS_DIR)\"",
				);
				IPHONEOS_DEPLOYMENT_TARGET = 5.1;
				OTHER_LDFLAGS = (
					"-weak_framework",
					CoreFoundation,
					"-weak_framework",
					UIKit,
					"-weak_framework",
					AVFoundation,
					"-weak_framework",
					CoreMedia,
					"-weak-lSystem",
					"-all_load",
					"-Obj-C",
				);
				SDKROOT = iphoneos;
				SKIP_INSTALL = NO;
				USER_HEADER_SEARCH_PATHS = "";
			};
			name = Debug;
		};
		C01FCF5008A954540054247B /* Release */ = {
			isa = XCBuildConfiguration;
			buildSettings = {
				ARCHS = "$(ARCHS_STANDARD_32_BIT)";
				"CODE_SIGN_IDENTITY[sdk=iphoneos*]" = "iPhone Developer";
				GCC_C_LANGUAGE_STANDARD = c99;
				GCC_THUMB_SUPPORT = NO;
				GCC_VERSION = com.apple.compilers.llvm.clang.1_0;
				GCC_WARN_ABOUT_RETURN_TYPE = YES;
				GCC_WARN_UNUSED_VARIABLE = YES;
				HEADER_SEARCH_PATHS = (
					"\"$(TARGET_BUILD_DIR)/usr/local/lib/include\"",
					"\"$(OBJROOT)/UninstalledProducts/include\"",
					"\"$(BUILT_PRODUCTS_DIR)\"",
				);
				IPHONEOS_DEPLOYMENT_TARGET = 5.1;
				OTHER_LDFLAGS = (
					"-weak_framework",
					CoreFoundation,
					"-weak_framework",
					UIKit,
					"-weak_framework",
					AVFoundation,
					"-weak_framework",
					CoreMedia,
					"-weak-lSystem",
					"-all_load",
					"-Obj-C",
				);
				SDKROOT = iphoneos;
				SKIP_INSTALL = NO;
				USER_HEADER_SEARCH_PATHS = "";
			};
			name = Release;
		};
/* End XCBuildConfiguration section */

/* Begin XCConfigurationList section */
		1D6058960D05DD3E006BFB54 /* Build configuration list for PBXNativeTarget "Rower" */ = {
			isa = XCConfigurationList;
			buildConfigurations = (
				1D6058940D05DD3E006BFB54 /* Debug */,
				1D6058950D05DD3E006BFB54 /* Release */,
			);
			defaultConfigurationIsVisible = 0;
			defaultConfigurationName = Release;
		};
		C01FCF4E08A954540054247B /* Build configuration list for PBXProject "Rower" */ = {
			isa = XCConfigurationList;
			buildConfigurations = (
				C01FCF4F08A954540054247B /* Debug */,
				C01FCF5008A954540054247B /* Release */,
			);
			defaultConfigurationIsVisible = 0;
			defaultConfigurationName = Release;
		};
/* End XCConfigurationList section */
	};
	rootObject = 29B97313FDCFA39411CA2CEA /* Project object */;
}
